// !$*UTF8*$!
{
	archiveVersion = 1;
	classes = {
	};
	objectVersion = 46;
	objects = {

/* Begin PBXBuildFile section */
		75DE99361B07E0D8005A3AF2 /* AppDelegate.swift in Sources */ = {isa = PBXBuildFile; fileRef = 75DE99351B07E0D8005A3AF2 /* AppDelegate.swift */; };
		75DE99391B07E0D8005A3AF2 /* ventasMoviles.xcdatamodeld in Sources */ = {isa = PBXBuildFile; fileRef = 75DE99371B07E0D8005A3AF2 /* ventasMoviles.xcdatamodeld */; };
		75DE993B1B07E0D8005A3AF2 /* ViewController.swift in Sources */ = {isa = PBXBuildFile; fileRef = 75DE993A1B07E0D8005A3AF2 /* ViewController.swift */; };
		75DE993E1B07E0D8005A3AF2 /* Main.storyboard in Resources */ = {isa = PBXBuildFile; fileRef = 75DE993C1B07E0D8005A3AF2 /* Main.storyboard */; };
		75DE99401B07E0D8005A3AF2 /* Images.xcassets in Resources */ = {isa = PBXBuildFile; fileRef = 75DE993F1B07E0D8005A3AF2 /* Images.xcassets */; };
		75DE99431B07E0D8005A3AF2 /* LaunchScreen.xib in Resources */ = {isa = PBXBuildFile; fileRef = 75DE99411B07E0D8005A3AF2 /* LaunchScreen.xib */; };
		75DE994F1B07E0DF005A3AF2 /* ventasMovilesTests.swift in Sources */ = {isa = PBXBuildFile; fileRef = 75DE994E1B07E0DF005A3AF2 /* ventasMovilesTests.swift */; };
/* End PBXBuildFile section */

/* Begin PBXContainerItemProxy section */
		75DE99491B07E0DE005A3AF2 /* PBXContainerItemProxy */ = {
			isa = PBXContainerItemProxy;
			containerPortal = 75DE99281B07E0D7005A3AF2 /* Project object */;
			proxyType = 1;
			remoteGlobalIDString = 75DE992F1B07E0D8005A3AF2;
			remoteInfo = ventasMoviles;
		};
/* End PBXContainerItemProxy section */

/* Begin PBXFileReference section */
		75DE99301B07E0D8005A3AF2 /* ventasMoviles.app */ = {isa = PBXFileReference; explicitFileType = wrapper.application; includeInIndex = 0; path = ventasMoviles.app; sourceTree = BUILT_PRODUCTS_DIR; };
		75DE99341B07E0D8005A3AF2 /* Info.plist */ = {isa = PBXFileReference; lastKnownFileType = text.plist.xml; path = Info.plist; sourceTree = "<group>"; };
		75DE99351B07E0D8005A3AF2 /* AppDelegate.swift */ = {isa = PBXFileReference; lastKnownFileType = sourcecode.swift; path = AppDelegate.swift; sourceTree = "<group>"; };
		75DE99381B07E0D8005A3AF2 /* ventasMoviles.xcdatamodel */ = {isa = PBXFileReference; lastKnownFileType = wrapper.xcdatamodel; path = ventasMoviles.xcdatamodel; sourceTree = "<group>"; };
		75DE993A1B07E0D8005A3AF2 /* ViewController.swift */ = {isa = PBXFileReference; lastKnownFileType = sourcecode.swift; path = ViewController.swift; sourceTree = "<group>"; };
		75DE993D1B07E0D8005A3AF2 /* Base */ = {isa = PBXFileReference; lastKnownFileType = file.storyboard; name = Base; path = Base.lproj/Main.storyboard; sourceTree = "<group>"; };
		75DE993F1B07E0D8005A3AF2 /* Images.xcassets */ = {isa = PBXFileReference; lastKnownFileType = folder.assetcatalog; path = Images.xcassets; sourceTree = "<group>"; };
		75DE99421B07E0D8005A3AF2 /* Base */ = {isa = PBXFileReference; lastKnownFileType = file.xib; name = Base; path = Base.lproj/LaunchScreen.xib; sourceTree = "<group>"; };
		75DE99481B07E0DE005A3AF2 /* ventasMovilesTests.xctest */ = {isa = PBXFileReference; explicitFileType = wrapper.cfbundle; includeInIndex = 0; path = ventasMovilesTests.xctest; sourceTree = BUILT_PRODUCTS_DIR; };
		75DE994D1B07E0DF005A3AF2 /* Info.plist */ = {isa = PBXFileReference; lastKnownFileType = text.plist.xml; path = Info.plist; sourceTree = "<group>"; };
		75DE994E1B07E0DF005A3AF2 /* ventasMovilesTests.swift */ = {isa = PBXFileReference; lastKnownFileType = sourcecode.swift; path = ventasMovilesTests.swift; sourceTree = "<group>"; };
/* End PBXFileReference section */

/* Begin PBXFrameworksBuildPhase section */
		75DE992D1B07E0D8005A3AF2 /* Frameworks */ = {
			isa = PBXFrameworksBuildPhase;
			buildActionMask = 2147483647;
			files = (
			);
			runOnlyForDeploymentPostprocessing = 0;
		};
		75DE99451B07E0DE005A3AF2 /* Frameworks */ = {
			isa = PBXFrameworksBuildPhase;
			buildActionMask = 2147483647;
			files = (
			);
			runOnlyForDeploymentPostprocessing = 0;
		};
/* End PBXFrameworksBuildPhase section */

/* Begin PBXGroup section */
		75DE99271B07E0D7005A3AF2 = {
			isa = PBXGroup;
			children = (
				75DE99321B07E0D8005A3AF2 /* ventasMoviles */,
				75DE994B1B07E0DF005A3AF2 /* ventasMovilesTests */,
				75DE99311B07E0D8005A3AF2 /* Products */,
			);
			sourceTree = "<group>";
		};
		75DE99311B07E0D8005A3AF2 /* Products */ = {
			isa = PBXGroup;
			children = (
				75DE99301B07E0D8005A3AF2 /* ventasMoviles.app */,
				75DE99481B07E0DE005A3AF2 /* ventasMovilesTests.xctest */,
			);
			name = Products;
			sourceTree = "<group>";
		};
		75DE99321B07E0D8005A3AF2 /* ventasMoviles */ = {
			isa = PBXGroup;
			children = (
				75DE99351B07E0D8005A3AF2 /* AppDelegate.swift */,
				75DE993A1B07E0D8005A3AF2 /* ViewController.swift */,
				75DE993C1B07E0D8005A3AF2 /* Main.storyboard */,
				75DE993F1B07E0D8005A3AF2 /* Images.xcassets */,
				75DE99411B07E0D8005A3AF2 /* LaunchScreen.xib */,
				75DE99371B07E0D8005A3AF2 /* ventasMoviles.xcdatamodeld */,
				75DE99331B07E0D8005A3AF2 /* Supporting Files */,
			);
			path = ventasMoviles;
			sourceTree = "<group>";
		};
		75DE99331B07E0D8005A3AF2 /* Supporting Files */ = {
			isa = PBXGroup;
			children = (
				75DE99341B07E0D8005A3AF2 /* Info.plist */,
			);
			name = "Supporting Files";
			sourceTree = "<group>";
		};
		75DE994B1B07E0DF005A3AF2 /* ventasMovilesTests */ = {
			isa = PBXGroup;
			children = (
				75DE994E1B07E0DF005A3AF2 /* ventasMovilesTests.swift */,
				75DE994C1B07E0DF005A3AF2 /* Supporting Files */,
			);
			path = ventasMovilesTests;
			sourceTree = "<group>";
		};
		75DE994C1B07E0DF005A3AF2 /* Supporting Files */ = {
			isa = PBXGroup;
			children = (
				75DE994D1B07E0DF005A3AF2 /* Info.plist */,
			);
			name = "Supporting Files";
			sourceTree = "<group>";
		};
/* End PBXGroup section */

/* Begin PBXNativeTarget section */
		75DE992F1B07E0D8005A3AF2 /* ventasMoviles */ = {
			isa = PBXNativeTarget;
			buildConfigurationList = 75DE99521B07E0DF005A3AF2 /* Build configuration list for PBXNativeTarget "ventasMoviles" */;
			buildPhases = (
				75DE992C1B07E0D8005A3AF2 /* Sources */,
				75DE992D1B07E0D8005A3AF2 /* Frameworks */,
				75DE992E1B07E0D8005A3AF2 /* Resources */,
			);
			buildRules = (
			);
			dependencies = (
			);
			name = ventasMoviles;
			productName = ventasMoviles;
			productReference = 75DE99301B07E0D8005A3AF2 /* ventasMoviles.app */;
			productType = "com.apple.product-type.application";
		};
		75DE99471B07E0DE005A3AF2 /* ventasMovilesTests */ = {
			isa = PBXNativeTarget;
			buildConfigurationList = 75DE99551B07E0DF005A3AF2 /* Build configuration list for PBXNativeTarget "ventasMovilesTests" */;
			buildPhases = (
				75DE99441B07E0DE005A3AF2 /* Sources */,
				75DE99451B07E0DE005A3AF2 /* Frameworks */,
				75DE99461B07E0DE005A3AF2 /* Resources */,
			);
			buildRules = (
			);
			dependencies = (
				75DE994A1B07E0DE005A3AF2 /* PBXTargetDependency */,
			);
			name = ventasMovilesTests;
			productName = ventasMovilesTests;
			productReference = 75DE99481B07E0DE005A3AF2 /* ventasMovilesTests.xctest */;
			productType = "com.apple.product-type.bundle.unit-test";
		};
/* End PBXNativeTarget section */

/* Begin PBXProject section */
		75DE99281B07E0D7005A3AF2 /* Project object */ = {
			isa = PBXProject;
			attributes = {
				LastUpgradeCheck = 0610;
				ORGANIZATIONNAME = katarzis;
				TargetAttributes = {
					75DE992F1B07E0D8005A3AF2 = {
						CreatedOnToolsVersion = 6.1.1;
					};
					75DE99471B07E0DE005A3AF2 = {
						CreatedOnToolsVersion = 6.1.1;
						TestTargetID = 75DE992F1B07E0D8005A3AF2;
					};
				};
			};
			buildConfigurationList = 75DE992B1B07E0D8005A3AF2 /* Build configuration list for PBXProject "ventasMoviles" */;
			compatibilityVersion = "Xcode 3.2";
			developmentRegion = English;
			hasScannedForEncodings = 0;
			knownRegions = (
				en,
				Base,
			);
			mainGroup = 75DE99271B07E0D7005A3AF2;
			productRefGroup = 75DE99311B07E0D8005A3AF2 /* Products */;
			projectDirPath = "";
			projectRoot = "";
			targets = (
				75DE992F1B07E0D8005A3AF2 /* ventasMoviles */,
				75DE99471B07E0DE005A3AF2 /* ventasMovilesTests */,
			);
		};
/* End PBXProject section */

/* Begin PBXResourcesBuildPhase section */
		75DE992E1B07E0D8005A3AF2 /* Resources */ = {
			isa = PBXResourcesBuildPhase;
			buildActionMask = 2147483647;
			files = (
				75DE993E1B07E0D8005A3AF2 /* Main.storyboard in Resources */,
				75DE99431B07E0D8005A3AF2 /* LaunchScreen.xib in Resources */,
				75DE99401B07E0D8005A3AF2 /* Images.xcassets in Resources */,
			);
			runOnlyForDeploymentPostprocessing = 0;
		};
		75DE99461B07E0DE005A3AF2 /* Resources */ = {
			isa = PBXResourcesBuildPhase;
			buildActionMask = 2147483647;
			files = (
			);
			runOnlyForDeploymentPostprocessing = 0;
		};
/* End PBXResourcesBuildPhase section */

/* Begin PBXSourcesBuildPhase section */
		75DE992C1B07E0D8005A3AF2 /* Sources */ = {
			isa = PBXSourcesBuildPhase;
			buildActionMask = 2147483647;
			files = (
				75DE993B1B07E0D8005A3AF2 /* ViewController.swift in Sources */,
				75DE99391B07E0D8005A3AF2 /* ventasMoviles.xcdatamodeld in Sources */,
				75DE99361B07E0D8005A3AF2 /* AppDelegate.swift in Sources */,
			);
			runOnlyForDeploymentPostprocessing = 0;
		};
		75DE99441B07E0DE005A3AF2 /* Sources */ = {
			isa = PBXSourcesBuildPhase;
			buildActionMask = 2147483647;
			files = (
				75DE994F1B07E0DF005A3AF2 /* ventasMovilesTests.swift in Sources */,
			);
			runOnlyForDeploymentPostprocessing = 0;
		};
/* End PBXSourcesBuildPhase section */

/* Begin PBXTargetDependency section */
		75DE994A1B07E0DE005A3AF2 /* PBXTargetDependency */ = {
			isa = PBXTargetDependency;
			target = 75DE992F1B07E0D8005A3AF2 /* ventasMoviles */;
			targetProxy = 75DE99491B07E0DE005A3AF2 /* PBXContainerItemProxy */;
		};
/* End PBXTargetDependency section */

/* Begin PBXVariantGroup section */
		75DE993C1B07E0D8005A3AF2 /* Main.storyboard */ = {
			isa = PBXVariantGroup;
			children = (
				75DE993D1B07E0D8005A3AF2 /* Base */,
			);
			name = Main.storyboard;
			sourceTree = "<group>";
		};
		75DE99411B07E0D8005A3AF2 /* LaunchScreen.xib */ = {
			isa = PBXVariantGroup;
			children = (
				75DE99421B07E0D8005A3AF2 /* Base */,
			);
			name = LaunchScreen.xib;
			sourceTree = "<group>";
		};
/* End PBXVariantGroup section */

/* Begin XCBuildConfiguration section */
		75DE99501B07E0DF005A3AF2 /* Debug */ = {
			isa = XCBuildConfiguration;
			buildSettings = {
				ALWAYS_SEARCH_USER_PATHS = NO;
				CLANG_CXX_LANGUAGE_STANDARD = "gnu++0x";
				CLANG_CXX_LIBRARY = "libc++";
				CLANG_ENABLE_MODULES = YES;
				CLANG_ENABLE_OBJC_ARC = YES;
				CLANG_WARN_BOOL_CONVERSION = YES;
				CLANG_WARN_CONSTANT_CONVERSION = YES;
				CLANG_WARN_DIRECT_OBJC_ISA_USAGE = YES_ERROR;
				CLANG_WARN_EMPTY_BODY = YES;
				CLANG_WARN_ENUM_CONVERSION = YES;
				CLANG_WARN_INT_CONVERSION = YES;
				CLANG_WARN_OBJC_ROOT_CLASS = YES_ERROR;
				CLANG_WARN_UNREACHABLE_CODE = YES;
				CLANG_WARN__DUPLICATE_METHOD_MATCH = YES;
				"CODE_SIGN_IDENTITY[sdk=iphoneos*]" = "iPhone Developer";
				COPY_PHASE_STRIP = NO;
				ENABLE_STRICT_OBJC_MSGSEND = YES;
				GCC_C_LANGUAGE_STANDARD = gnu99;
				GCC_DYNAMIC_NO_PIC = NO;
				GCC_OPTIMIZATION_LEVEL = 0;
				GCC_PREPROCESSOR_DEFINITIONS = (
					"DEBUG=1",
					"$(inherited)",
				);
				GCC_SYMBOLS_PRIVATE_EXTERN = NO;
				GCC_WARN_64_TO_32_BIT_CONVERSION = YES;
				GCC_WARN_ABOUT_RETURN_TYPE = YES_ERROR;
				GCC_WARN_UNDECLARED_SELECTOR = YES;
				GCC_WARN_UNINITIALIZED_AUTOS = YES_AGGRESSIVE;
				GCC_WARN_UNUSED_FUNCTION = YES;
				GCC_WARN_UNUSED_VARIABLE = YES;
				IPHONEOS_DEPLOYMENT_TARGET = 8.1;
				MTL_ENABLE_DEBUG_INFO = YES;
				ONLY_ACTIVE_ARCH = YES;
				SDKROOT = iphoneos;
				SWIFT_OPTIMIZATION_LEVEL = "-Onone";
			};
			name = Debug;
		};
		75DE99511B07E0DF005A3AF2 /* Release */ = {
			isa = XCBuildConfiguration;
			buildSettings = {
				ALWAYS_SEARCH_USER_PATHS = NO;
				CLANG_CXX_LANGUAGE_STANDARD = "gnu++0x";
				CLANG_CXX_LIBRARY = "libc++";
				CLANG_ENABLE_MODULES = YES;
				CLANG_ENABLE_OBJC_ARC = YES;
				CLANG_WARN_BOOL_CONVERSION = YES;
				CLANG_WARN_CONSTANT_CONVERSION = YES;
				CLANG_WARN_DIRECT_OBJC_ISA_USAGE = YES_ERROR;
				CLANG_WARN_EMPTY_BODY = YES;
				CLANG_WARN_ENUM_CONVERSION = YES;
				CLANG_WARN_INT_CONVERSION = YES;
				CLANG_WARN_OBJC_ROOT_CLASS = YES_ERROR;
				CLANG_WARN_UNREACHABLE_CODE = YES;
				CLANG_WARN__DUPLICATE_METHOD_MATCH = YES;
				"CODE_SIGN_IDENTITY[sdk=iphoneos*]" = "iPhone Developer";
				COPY_PHASE_STRIP = YES;
				ENABLE_NS_ASSERTIONS = NO;
				ENABLE_STRICT_OBJC_MSGSEND = YES;
				GCC_C_LANGUAGE_STANDARD = gnu99;
				GCC_WARN_64_TO_32_BIT_CONVERSION = YES;
				GCC_WARN_ABOUT_RETURN_TYPE = YES_ERROR;
				GCC_WARN_UNDECLARED_SELECTOR = YES;
				GCC_WARN_UNINITIALIZED_AUTOS = YES_AGGRESSIVE;
				GCC_WARN_UNUSED_FUNCTION = YES;
				GCC_WARN_UNUSED_VARIABLE = YES;
				IPHONEOS_DEPLOYMENT_TARGET = 8.1;
				MTL_ENABLE_DEBUG_INFO = NO;
				SDKROOT = iphoneos;
				VALIDATE_PRODUCT = YES;
			};
			name = Release;
		};
		75DE99531B07E0DF005A3AF2 /* Debug */ = {
			isa = XCBuildConfiguration;
			buildSettings = {
				ASSETCATALOG_COMPILER_APPICON_NAME = AppIcon;
				INFOPLIST_FILE = ventasMoviles/Info.plist;
				LD_RUNPATH_SEARCH_PATHS = "$(inherited) @executable_path/Frameworks";
				PRODUCT_NAME = "$(TARGET_NAME)";
			};
			name = Debug;
		};
		75DE99541B07E0DF005A3AF2 /* Release */ = {
			isa = XCBuildConfiguration;
			buildSettings = {
				ASSETCATALOG_COMPILER_APPICON_NAME = AppIcon;
				INFOPLIST_FILE = ventasMoviles/Info.plist;
				LD_RUNPATH_SEARCH_PATHS = "$(inherited) @executable_path/Frameworks";
				PRODUCT_NAME = "$(TARGET_NAME)";
			};
			name = Release;
		};
		75DE99561B07E0DF005A3AF2 /* Debug */ = {
			isa = XCBuildConfiguration;
			buildSettings = {
				BUNDLE_LOADER = "$(TEST_HOST)";
				FRAMEWORK_SEARCH_PATHS = (
					"$(SDKROOT)/Developer/Library/Frameworks",
					"$(inherited)",
				);
				GCC_PREPROCESSOR_DEFINITIONS = (
					"DEBUG=1",
					"$(inherited)",
				);
				INFOPLIST_FILE = ventasMovilesTests/Info.plist;
				LD_RUNPATH_SEARCH_PATHS = "$(inherited) @executable_path/Frameworks @loader_path/Frameworks";
				PRODUCT_NAME = "$(TARGET_NAME)";
				TEST_HOST = "$(BUILT_PRODUCTS_DIR)/ventasMoviles.app/ventasMoviles";
			};
			name = Debug;
		};
		75DE99571B07E0DF005A3AF2 /* Release */ = {
			isa = XCBuildConfiguration;
			buildSettings = {
				BUNDLE_LOADER = "$(TEST_HOST)";
				FRAMEWORK_SEARCH_PATHS = (
					"$(SDKROOT)/Developer/Library/Frameworks",
					"$(inherited)",
				);
				INFOPLIST_FILE = ventasMovilesTests/Info.plist;
				LD_RUNPATH_SEARCH_PATHS = "$(inherited) @executable_path/Frameworks @loader_path/Frameworks";
				PRODUCT_NAME = "$(TARGET_NAME)";
				TEST_HOST = "$(BUILT_PRODUCTS_DIR)/ventasMoviles.app/ventasMoviles";
			};
			name = Release;
		};
/* End XCBuildConfiguration section */

/* Begin XCConfigurationList section */
		75DE992B1B07E0D8005A3AF2 /* Build configuration list for PBXProject "ventasMoviles" */ = {
			isa = XCConfigurationList;
			buildConfigurations = (
				75DE99501B07E0DF005A3AF2 /* Debug */,
				75DE99511B07E0DF005A3AF2 /* Release */,
			);
			defaultConfigurationIsVisible = 0;
			defaultConfigurationName = Release;
		};
		75DE99521B07E0DF005A3AF2 /* Build configuration list for PBXNativeTarget "ventasMoviles" */ = {
			isa = XCConfigurationList;
			buildConfigurations = (
				75DE99531B07E0DF005A3AF2 /* Debug */,
				75DE99541B07E0DF005A3AF2 /* Release */,
			);
			defaultConfigurationIsVisible = 0;
		};
		75DE99551B07E0DF005A3AF2 /* Build configuration list for PBXNativeTarget "ventasMovilesTests" */ = {
			isa = XCConfigurationList;
			buildConfigurations = (
				75DE99561B07E0DF005A3AF2 /* Debug */,
				75DE99571B07E0DF005A3AF2 /* Release */,
			);
			defaultConfigurationIsVisible = 0;
		};
/* End XCConfigurationList section */

/* Begin XCVersionGroup section */
		75DE99371B07E0D8005A3AF2 /* ventasMoviles.xcdatamodeld */ = {
			isa = XCVersionGroup;
			children = (
				75DE99381B07E0D8005A3AF2 /* ventasMoviles.xcdatamodel */,
			);
			currentVersion = 75DE99381B07E0D8005A3AF2 /* ventasMoviles.xcdatamodel */;
			path = ventasMoviles.xcdatamodeld;
			sourceTree = "<group>";
			versionGroupType = wrapper.xcdatamodel;
		};
/* End XCVersionGroup section */
	};
	rootObject = 75DE99281B07E0D7005A3AF2 /* Project object */;
}
